# This file is automatically @generated by Cargo.
# It is not intended for manual editing.
version = 3

[[package]]
name = "libc"
version = "0.2.142"
source = "registry+https://github.com/rust-lang/crates.io-index"
checksum = "6a987beff54b60ffa6d51982e1aa1146bc42f19bd26be28b0586f252fccf5317"

[[package]]
name = "nonblock"
version = "0.2.0"
source = "registry+https://github.com/rust-lang/crates.io-index"
checksum = "51c7a4f22e5f2e2bd805d6ab56f1ae87eb1815673e1b452048896fb687a8a3d4"
dependencies = [
 "libc",
]

[[package]]
name = "uptime_runner"
version = "0.1.0"
dependencies = [
 "libc",
 "nonblock",
]
